
Microsoft Visual Studio Solution File, Format Version 12.00
# Visual Studio Version 17
VisualStudioVersion = 17.2.32630.192
MinimumVisualStudioVersion = 10.0.40219.1
Project("{9A19103F-16F7-4668-BE54-9A1E7A4F7556}") = "DataAccess", "DataAccess\DataAccess.csproj", "{E4E98293-00D0-4181-984A-F5DD045D4C59}"
EndProject
Project("{9A19103F-16F7-4668-BE54-9A1E7A4F7556}") = "Business", "Business\Business.csproj", "{6A694322-2A7B-4FCE-BC39-92128C2CF7F7}"
EndProject
Project("{9A19103F-16F7-4668-BE54-9A1E7A4F7556}") = "Entities", "Entities\Entities.csproj", "{4F3080DF-0FC0-4EBE-AD30-77B70C5DE71C}"
EndProject
Project("{9A19103F-16F7-4668-BE54-9A1E7A4F7556}") = "ConsoleUI", "ConsoleUI\ConsoleUI.csproj", "{2D80CF60-54B2-43EA-B7EF-1A4D66857F6D}"
EndProject
Project("{9A19103F-16F7-4668-BE54-9A1E7A4F7556}") = "Core", "Core\Core.csproj", "{55137DE9-5027-4793-91E9-BCDF39036E53}"
EndProject
Project("{FAE04EC0-301F-11D3-BF4B-00C04F79EFBC}") = "WebAPI", "WebAPI\WebAPI.csproj", "{4601E6B0-6DC1-41EF-9E78-FBD2BEDCAEF3}"
EndProject
Global
	GlobalSection(SolutionConfigurationPlatforms) = preSolution
		Debug|Any CPU = Debug|Any CPU
		Release|Any CPU = Release|Any CPU
	EndGlobalSection
	GlobalSection(ProjectConfigurationPlatforms) = postSolution
		{E4E98293-00D0-4181-984A-F5DD045D4C59}.Debug|Any CPU.ActiveCfg = Debug|Any CPU
		{E4E98293-00D0-4181-984A-F5DD045D4C59}.Debug|Any CPU.Build.0 = Debug|Any CPU
		{E4E98293-00D0-4181-984A-F5DD045D4C59}.Release|Any CPU.ActiveCfg = Release|Any CPU
		{E4E98293-00D0-4181-984A-F5DD045D4C59}.Release|Any CPU.Build.0 = Release|Any CPU
		{6A694322-2A7B-4FCE-BC39-92128C2CF7F7}.Debug|Any CPU.ActiveCfg = Debug|Any CPU
		{6A694322-2A7B-4FCE-BC39-92128C2CF7F7}.Debug|Any CPU.Build.0 = Debug|Any CPU
		{6A694322-2A7B-4FCE-BC39-92128C2CF7F7}.Release|Any CPU.ActiveCfg = Release|Any CPU
		{6A694322-2A7B-4FCE-BC39-92128C2CF7F7}.Release|Any CPU.Build.0 = Release|Any CPU
		{4F3080DF-0FC0-4EBE-AD30-77B70C5DE71C}.Debug|Any CPU.ActiveCfg = Debug|Any CPU
		{4F3080DF-0FC0-4EBE-AD30-77B70C5DE71C}.Debug|Any CPU.Build.0 = Debug|Any CPU
		{4F3080DF-0FC0-4EBE-AD30-77B70C5DE71C}.Release|Any CPU.ActiveCfg = Release|Any CPU
		{4F3080DF-0FC0-4EBE-AD30-77B70C5DE71C}.Release|Any CPU.Build.0 = Release|Any CPU
		{2D80CF60-54B2-43EA-B7EF-1A4D66857F6D}.Debug|Any CPU.ActiveCfg = Debug|Any CPU
		{2D80CF60-54B2-43EA-B7EF-1A4D66857F6D}.Debug|Any CPU.Build.0 = Debug|Any CPU
		{2D80CF60-54B2-43EA-B7EF-1A4D66857F6D}.Release|Any CPU.ActiveCfg = Release|Any CPU
		{2D80CF60-54B2-43EA-B7EF-1A4D66857F6D}.Release|Any CPU.Build.0 = Release|Any CPU
		{55137DE9-5027-4793-91E9-BCDF39036E53}.Debug|Any CPU.ActiveCfg = Debug|Any CPU
		{55137DE9-5027-4793-91E9-BCDF39036E53}.Debug|Any CPU.Build.0 = Debug|Any CPU
		{55137DE9-5027-4793-91E9-BCDF39036E53}.Release|Any CPU.ActiveCfg = Release|Any CPU
		{55137DE9-5027-4793-91E9-BCDF39036E53}.Release|Any CPU.Build.0 = Release|Any CPU
		{4601E6B0-6DC1-41EF-9E78-FBD2BEDCAEF3}.Debug|Any CPU.ActiveCfg = Debug|Any CPU
		{4601E6B0-6DC1-41EF-9E78-FBD2BEDCAEF3}.Debug|Any CPU.Build.0 = Debug|Any CPU
		{4601E6B0-6DC1-41EF-9E78-FBD2BEDCAEF3}.Release|Any CPU.ActiveCfg = Release|Any CPU
		{4601E6B0-6DC1-41EF-9E78-FBD2BEDCAEF3}.Release|Any CPU.Build.0 = Release|Any CPU
	EndGlobalSection
	GlobalSection(SolutionProperties) = preSolution
		HideSolutionNode = FALSE
	EndGlobalSection
	GlobalSection(ExtensibilityGlobals) = postSolution
		SolutionGuid = {73FC4D96-39C7-48A7-9879-B206099657C0}
	EndGlobalSection
EndGlobal
